---
- !ruby/object:MultiRepo::LockEntry
  name: git-multirepo-dummy-dep1
  id: ddfc663d-0960-4349-90a7-77c6327ac6e6
  head: e906c3c87cbade5837b014b48ef9922f58c94fbb
  branch: master
- !ruby/object:MultiRepo::LockEntry
  name: git-multirepo-dummy-dep2
  id: 7811ab29-edd3-46d1-a24a-ed81e9756ff5
  head: 1b8465fcd4f9e5821640bb45ad8c22c960b64517
  branch: master
